
Microsoft Visual Studio Solution File, Format Version 12.00
# Visual Studio Version 16
VisualStudioVersion = 16.0.31321.278
MinimumVisualStudioVersion = 10.0.40219.1
Project("{9A19103F-16F7-4668-BE54-9A1E7A4F7556}") = "Solution_8_Tutorium_SS_2021_Console", "Solution_8_Tutorium_SS_2021_Console\Solution_8_Tutorium_SS_2021_Console.csproj", "{035CAAB9-1B45-46DD-9088-7EF29EA493E8}"
EndProject
Project("{9A19103F-16F7-4668-BE54-9A1E7A4F7556}") = "Solution_8_Tutorium_SS_2021_Library", "Solution_8_Tutorium_SS_2021_Library\Solution_8_Tutorium_SS_2021_Library.csproj", "{23761BC7-3C9F-49B2-B3C8-AE6DA0E82417}"
EndProject
Project("{9A19103F-16F7-4668-BE54-9A1E7A4F7556}") = "Solution_8_Tutorium_UnitTests", "8_Tutorium_UnitTests\Solution_8_Tutorium_UnitTests.csproj", "{4BF24CCB-0B8F-4CB2-B5E8-64C072C7241B}"
EndProject
Global
	GlobalSection(SolutionConfigurationPlatforms) = preSolution
		Debug|Any CPU = Debug|Any CPU
		Release|Any CPU = Release|Any CPU
	EndGlobalSection
	GlobalSection(ProjectConfigurationPlatforms) = postSolution
		{035CAAB9-1B45-46DD-9088-7EF29EA493E8}.Debug|Any CPU.ActiveCfg = Debug|Any CPU
		{035CAAB9-1B45-46DD-9088-7EF29EA493E8}.Debug|Any CPU.Build.0 = Debug|Any CPU
		{035CAAB9-1B45-46DD-9088-7EF29EA493E8}.Release|Any CPU.ActiveCfg = Release|Any CPU
		{035CAAB9-1B45-46DD-9088-7EF29EA493E8}.Release|Any CPU.Build.0 = Release|Any CPU
		{23761BC7-3C9F-49B2-B3C8-AE6DA0E82417}.Debug|Any CPU.ActiveCfg = Debug|Any CPU
		{23761BC7-3C9F-49B2-B3C8-AE6DA0E82417}.Debug|Any CPU.Build.0 = Debug|Any CPU
		{23761BC7-3C9F-49B2-B3C8-AE6DA0E82417}.Release|Any CPU.ActiveCfg = Release|Any CPU
		{23761BC7-3C9F-49B2-B3C8-AE6DA0E82417}.Release|Any CPU.Build.0 = Release|Any CPU
		{4BF24CCB-0B8F-4CB2-B5E8-64C072C7241B}.Debug|Any CPU.ActiveCfg = Debug|Any CPU
		{4BF24CCB-0B8F-4CB2-B5E8-64C072C7241B}.Debug|Any CPU.Build.0 = Debug|Any CPU
		{4BF24CCB-0B8F-4CB2-B5E8-64C072C7241B}.Release|Any CPU.ActiveCfg = Release|Any CPU
		{4BF24CCB-0B8F-4CB2-B5E8-64C072C7241B}.Release|Any CPU.Build.0 = Release|Any CPU
	EndGlobalSection
	GlobalSection(SolutionProperties) = preSolution
		HideSolutionNode = FALSE
	EndGlobalSection
	GlobalSection(ExtensibilityGlobals) = postSolution
		SolutionGuid = {55D531F3-A796-4A3E-A0C4-950A21C4576B}
	EndGlobalSection
EndGlobal
